
Microsoft Visual Studio Solution File, Format Version 12.00
# Visual Studio 15
VisualStudioVersion = 15.0.28307.572
MinimumVisualStudioVersion = 10.0.40219.1
Project("{FAE04EC0-301F-11D3-BF4B-00C04F79EFBC}") = "QLTV_GUI", "QLTV_GUI\QLTV_GUI.csproj", "{ECB48438-6A56-46B9-AF4F-F8ED9CA11861}"
EndProject
Project("{FAE04EC0-301F-11D3-BF4B-00C04F79EFBC}") = "QLTV_BUS", "QLTV_BUS\QLTV_BUS.csproj", "{EA53870C-FFC8-41EA-B788-88F20988A532}"
EndProject
Project("{FAE04EC0-301F-11D3-BF4B-00C04F79EFBC}") = "QLTV_DAO", "QLTV_DAO\QLTV_DAO.csproj", "{9E858634-D486-4644-9839-BE8518528F09}"
EndProject
Project("{FAE04EC0-301F-11D3-BF4B-00C04F79EFBC}") = "QLTV_DTO", "QLTV_DTO\QLTV_DTO.csproj", "{AE412AC8-5138-4D76-9D30-1A708E0D78C1}"
EndProject
Global
	GlobalSection(SolutionConfigurationPlatforms) = preSolution
		Debug|Any CPU = Debug|Any CPU
		Release|Any CPU = Release|Any CPU
	EndGlobalSection
	GlobalSection(ProjectConfigurationPlatforms) = postSolution
		{ECB48438-6A56-46B9-AF4F-F8ED9CA11861}.Debug|Any CPU.ActiveCfg = Debug|Any CPU
		{ECB48438-6A56-46B9-AF4F-F8ED9CA11861}.Debug|Any CPU.Build.0 = Debug|Any CPU
		{ECB48438-6A56-46B9-AF4F-F8ED9CA11861}.Release|Any CPU.ActiveCfg = Release|Any CPU
		{ECB48438-6A56-46B9-AF4F-F8ED9CA11861}.Release|Any CPU.Build.0 = Release|Any CPU
		{EA53870C-FFC8-41EA-B788-88F20988A532}.Debug|Any CPU.ActiveCfg = Debug|Any CPU
		{EA53870C-FFC8-41EA-B788-88F20988A532}.Debug|Any CPU.Build.0 = Debug|Any CPU
		{EA53870C-FFC8-41EA-B788-88F20988A532}.Release|Any CPU.ActiveCfg = Release|Any CPU
		{EA53870C-FFC8-41EA-B788-88F20988A532}.Release|Any CPU.Build.0 = Release|Any CPU
		{9E858634-D486-4644-9839-BE8518528F09}.Debug|Any CPU.ActiveCfg = Debug|Any CPU
		{9E858634-D486-4644-9839-BE8518528F09}.Debug|Any CPU.Build.0 = Debug|Any CPU
		{9E858634-D486-4644-9839-BE8518528F09}.Release|Any CPU.ActiveCfg = Release|Any CPU
		{9E858634-D486-4644-9839-BE8518528F09}.Release|Any CPU.Build.0 = Release|Any CPU
		{AE412AC8-5138-4D76-9D30-1A708E0D78C1}.Debug|Any CPU.ActiveCfg = Debug|Any CPU
		{AE412AC8-5138-4D76-9D30-1A708E0D78C1}.Debug|Any CPU.Build.0 = Debug|Any CPU
		{AE412AC8-5138-4D76-9D30-1A708E0D78C1}.Release|Any CPU.ActiveCfg = Release|Any CPU
		{AE412AC8-5138-4D76-9D30-1A708E0D78C1}.Release|Any CPU.Build.0 = Release|Any CPU
	EndGlobalSection
	GlobalSection(SolutionProperties) = preSolution
		HideSolutionNode = FALSE
	EndGlobalSection
	GlobalSection(ExtensibilityGlobals) = postSolution
		SolutionGuid = {9F50E98E-0065-42A9-8FB1-E877CD6D3A1F}
	EndGlobalSection
EndGlobal
