
Microsoft Visual Studio Solution File, Format Version 12.00
# Visual Studio 15
VisualStudioVersion = 15.0.28307.572
MinimumVisualStudioVersion = 10.0.40219.1
Project("{FAE04EC0-301F-11D3-BF4B-00C04F79EFBC}") = "QLTV_GUI", "QLTV_GUI\QLTV_GUI.csproj", "{ECB48438-6A56-46B9-AF4F-F8ED9CA11861}"
EndProject
Project("{FAE04EC0-301F-11D3-BF4B-00C04F79EFBC}") = "QLTV_DAO", "QLTV_DAO\QLTV_DAO.csproj", "{2DBD3E49-71D8-426D-A993-D048D8B7057D}"
EndProject
Project("{FAE04EC0-301F-11D3-BF4B-00C04F79EFBC}") = "QLTV_BUS", "QLTV_BUS\QLTV_BUS.csproj", "{EB7B9FD9-3D1B-4304-BCE7-4BEA6F621454}"
EndProject
Project("{FAE04EC0-301F-11D3-BF4B-00C04F79EFBC}") = "QLTV_DTO", "QLTV_DTO\QLTV_DTO.csproj", "{A8C83CA6-DCD2-4894-A9F8-5FDAD9FA5EA4}"
EndProject
Global
	GlobalSection(SolutionConfigurationPlatforms) = preSolution
		Debug|Any CPU = Debug|Any CPU
		Release|Any CPU = Release|Any CPU
	EndGlobalSection
	GlobalSection(ProjectConfigurationPlatforms) = postSolution
		{ECB48438-6A56-46B9-AF4F-F8ED9CA11861}.Debug|Any CPU.ActiveCfg = Debug|Any CPU
		{ECB48438-6A56-46B9-AF4F-F8ED9CA11861}.Debug|Any CPU.Build.0 = Debug|Any CPU
		{ECB48438-6A56-46B9-AF4F-F8ED9CA11861}.Release|Any CPU.ActiveCfg = Release|Any CPU
		{ECB48438-6A56-46B9-AF4F-F8ED9CA11861}.Release|Any CPU.Build.0 = Release|Any CPU
		{2DBD3E49-71D8-426D-A993-D048D8B7057D}.Debug|Any CPU.ActiveCfg = Debug|Any CPU
		{2DBD3E49-71D8-426D-A993-D048D8B7057D}.Debug|Any CPU.Build.0 = Debug|Any CPU
		{2DBD3E49-71D8-426D-A993-D048D8B7057D}.Release|Any CPU.ActiveCfg = Release|Any CPU
		{2DBD3E49-71D8-426D-A993-D048D8B7057D}.Release|Any CPU.Build.0 = Release|Any CPU
		{EB7B9FD9-3D1B-4304-BCE7-4BEA6F621454}.Debug|Any CPU.ActiveCfg = Debug|Any CPU
		{EB7B9FD9-3D1B-4304-BCE7-4BEA6F621454}.Debug|Any CPU.Build.0 = Debug|Any CPU
		{EB7B9FD9-3D1B-4304-BCE7-4BEA6F621454}.Release|Any CPU.ActiveCfg = Release|Any CPU
		{EB7B9FD9-3D1B-4304-BCE7-4BEA6F621454}.Release|Any CPU.Build.0 = Release|Any CPU
		{A8C83CA6-DCD2-4894-A9F8-5FDAD9FA5EA4}.Debug|Any CPU.ActiveCfg = Debug|Any CPU
		{A8C83CA6-DCD2-4894-A9F8-5FDAD9FA5EA4}.Debug|Any CPU.Build.0 = Debug|Any CPU
		{A8C83CA6-DCD2-4894-A9F8-5FDAD9FA5EA4}.Release|Any CPU.ActiveCfg = Release|Any CPU
		{A8C83CA6-DCD2-4894-A9F8-5FDAD9FA5EA4}.Release|Any CPU.Build.0 = Release|Any CPU
	EndGlobalSection
	GlobalSection(SolutionProperties) = preSolution
		HideSolutionNode = FALSE
	EndGlobalSection
	GlobalSection(ExtensibilityGlobals) = postSolution
		SolutionGuid = {9F50E98E-0065-42A9-8FB1-E877CD6D3A1F}
	EndGlobalSection
EndGlobal
